
Microsoft Visual Studio Solution File, Format Version 12.00
# Visual Studio Version 17
VisualStudioVersion = 17.11.35222.181
MinimumVisualStudioVersion = 10.0.40219.1
Project("{9A19103F-16F7-4668-BE54-9A1E7A4F7556}") = "GOSSIP", "GOSSIP\GOSSIP.csproj", "{309B360B-A907-4F72-9EF3-E5326BF3F92C}"
EndProject
Project("{FAE04EC0-301F-11D3-BF4B-00C04F79EFBC}") = "Server", "Server\Server.csproj", "{8C8A4390-DF35-4601-BE59-1D41CDF61532}"
EndProject
Global
	GlobalSection(SolutionConfigurationPlatforms) = preSolution
		Debug|Any CPU = Debug|Any CPU
		Debug|x64 = Debug|x64
		Debug|x86 = Debug|x86
		Release|Any CPU = Release|Any CPU
		Release|x64 = Release|x64
		Release|x86 = Release|x86
	EndGlobalSection
	GlobalSection(ProjectConfigurationPlatforms) = postSolution
		{309B360B-A907-4F72-9EF3-E5326BF3F92C}.Debug|Any CPU.ActiveCfg = Debug|Any CPU
		{309B360B-A907-4F72-9EF3-E5326BF3F92C}.Debug|Any CPU.Build.0 = Debug|Any CPU
		{309B360B-A907-4F72-9EF3-E5326BF3F92C}.Debug|x64.ActiveCfg = Debug|Any CPU
		{309B360B-A907-4F72-9EF3-E5326BF3F92C}.Debug|x64.Build.0 = Debug|Any CPU
		{309B360B-A907-4F72-9EF3-E5326BF3F92C}.Debug|x86.ActiveCfg = Debug|Any CPU
		{309B360B-A907-4F72-9EF3-E5326BF3F92C}.Debug|x86.Build.0 = Debug|Any CPU
		{309B360B-A907-4F72-9EF3-E5326BF3F92C}.Release|Any CPU.ActiveCfg = Release|Any CPU
		{309B360B-A907-4F72-9EF3-E5326BF3F92C}.Release|Any CPU.Build.0 = Release|Any CPU
		{309B360B-A907-4F72-9EF3-E5326BF3F92C}.Release|x64.ActiveCfg = Release|Any CPU
		{309B360B-A907-4F72-9EF3-E5326BF3F92C}.Release|x64.Build.0 = Release|Any CPU
		{309B360B-A907-4F72-9EF3-E5326BF3F92C}.Release|x86.ActiveCfg = Release|Any CPU
		{309B360B-A907-4F72-9EF3-E5326BF3F92C}.Release|x86.Build.0 = Release|Any CPU
		{8C8A4390-DF35-4601-BE59-1D41CDF61532}.Debug|Any CPU.ActiveCfg = Debug|Any CPU
		{8C8A4390-DF35-4601-BE59-1D41CDF61532}.Debug|Any CPU.Build.0 = Debug|Any CPU
		{8C8A4390-DF35-4601-BE59-1D41CDF61532}.Debug|x64.ActiveCfg = Debug|Any CPU
		{8C8A4390-DF35-4601-BE59-1D41CDF61532}.Debug|x64.Build.0 = Debug|Any CPU
		{8C8A4390-DF35-4601-BE59-1D41CDF61532}.Debug|x86.ActiveCfg = Debug|Any CPU
		{8C8A4390-DF35-4601-BE59-1D41CDF61532}.Debug|x86.Build.0 = Debug|Any CPU
		{8C8A4390-DF35-4601-BE59-1D41CDF61532}.Release|Any CPU.ActiveCfg = Release|Any CPU
		{8C8A4390-DF35-4601-BE59-1D41CDF61532}.Release|Any CPU.Build.0 = Release|Any CPU
		{8C8A4390-DF35-4601-BE59-1D41CDF61532}.Release|x64.ActiveCfg = Release|Any CPU
		{8C8A4390-DF35-4601-BE59-1D41CDF61532}.Release|x64.Build.0 = Release|Any CPU
		{8C8A4390-DF35-4601-BE59-1D41CDF61532}.Release|x86.ActiveCfg = Release|Any CPU
		{8C8A4390-DF35-4601-BE59-1D41CDF61532}.Release|x86.Build.0 = Release|Any CPU
	EndGlobalSection
	GlobalSection(SolutionProperties) = preSolution
		HideSolutionNode = FALSE
	EndGlobalSection
	GlobalSection(ExtensibilityGlobals) = postSolution
		SolutionGuid = {39A2EF33-D023-424A-89E2-9E6A72427CE3}
	EndGlobalSection
EndGlobal
